
Microsoft Visual Studio Solution File, Format Version 12.00
# Visual Studio 15
VisualStudioVersion = 15.0.26403.7
MinimumVisualStudioVersion = 10.0.40219.1
Project("{8BC9CEB8-8B4A-11D0-8D11-00A0C91BC942}") = "LabProject00", "LabProject00\LabProject00.vcxproj", "{8C6EC97A-5D0B-4E4C-8C8C-26F04A7EC2A8}"
EndProject
Project("{8BC9CEB8-8B4A-11D0-8D11-00A0C91BC942}") = "LabProject01", "LabProject01\LabProject01.vcxproj", "{77277336-230B-4373-B240-3D89997EA596}"
EndProject
Project("{8BC9CEB8-8B4A-11D0-8D11-00A0C91BC942}") = "LabProject02", "LabProject02\LabProject02.vcxproj", "{533F667B-932D-4A65-BEAF-0D41F664186D}"
EndProject
Project("{8BC9CEB8-8B4A-11D0-8D11-00A0C91BC942}") = "LabProject03", "LabProject03\LabProject03.vcxproj", "{EC0BCD91-1DF7-47E1-9674-1695E16FA059}"
EndProject
Project("{8BC9CEB8-8B4A-11D0-8D11-00A0C91BC942}") = "LabProject04", "LabProject04\LabProject04.vcxproj", "{371BE8B8-D9E6-4B6D-BCB3-78A242415D3F}"
EndProject
Project("{8BC9CEB8-8B4A-11D0-8D11-00A0C91BC942}") = "LabProject05", "LabProject05\LabProject05.vcxproj", "{12A4BD06-4E16-4A7E-A247-307F29DA643F}"
EndProject
Project("{8BC9CEB8-8B4A-11D0-8D11-00A0C91BC942}") = "Test", "test\Test\Test.vcxproj", "{9894F0E8-ED06-4841-AC43-5FD3EB035A97}"
EndProject
Project("{8BC9CEB8-8B4A-11D0-8D11-00A0C91BC942}") = "LabProject06", "LabProject06\LabProject06.vcxproj", "{E08C31B8-DFCA-49EE-B411-6E5C01743F89}"
EndProject
Project("{8BC9CEB8-8B4A-11D0-8D11-00A0C91BC942}") = "LabProject07", "LabProject07\LabProject07.vcxproj", "{B6052058-3A32-42FD-A9ED-BB8485700A57}"
EndProject
Project("{8BC9CEB8-8B4A-11D0-8D11-00A0C91BC942}") = "LabProject08", "LabProject08\LabProject08.vcxproj", "{E3E4E738-8797-4A6F-84A3-AD404FBFCDAB}"
EndProject
Project("{8BC9CEB8-8B4A-11D0-8D11-00A0C91BC942}") = "LabProject09", "LabProject09\LabProject09.vcxproj", "{2F7E487C-DC1A-48FC-B012-89D2DE3CA927}"
EndProject
Project("{8BC9CEB8-8B4A-11D0-8D11-00A0C91BC942}") = "LabProject10", "LabProject10\LabProject10.vcxproj", "{6D5C0086-601D-4F85-946D-2BF88DCADF6D}"
EndProject
Project("{8BC9CEB8-8B4A-11D0-8D11-00A0C91BC942}") = "LabProject11", "LabProject11\LabProject11.vcxproj", "{45698A5F-7D7E-494C-8299-794E2596502B}"
EndProject
Project("{8BC9CEB8-8B4A-11D0-8D11-00A0C91BC942}") = "LabProject12", "LabProject12\LabProject12.vcxproj", "{E5749A82-6AE0-4830-B762-0964E9C61C47}"
EndProject
Project("{8BC9CEB8-8B4A-11D0-8D11-00A0C91BC942}") = "LabProject13", "LabProject13\LabProject13.vcxproj", "{D17A4355-8404-4238-BB6D-A6D7CF9D9694}"
EndProject
Project("{8BC9CEB8-8B4A-11D0-8D11-00A0C91BC942}") = "LabProject14", "LabProject14\LabProject14.vcxproj", "{19E9B7C5-3F34-4176-975E-DE2E4EA56603}"
EndProject
Project("{8BC9CEB8-8B4A-11D0-8D11-00A0C91BC942}") = "LabProject16", "LabProject16\LabProject16.vcxproj", "{0537CE27-E8CC-4EF6-9EB2-EB453115DED6}"
EndProject
Global
	GlobalSection(SolutionConfigurationPlatforms) = preSolution
		Debug|x64 = Debug|x64
		Debug|x86 = Debug|x86
		Release|x64 = Release|x64
		Release|x86 = Release|x86
	EndGlobalSection
	GlobalSection(ProjectConfigurationPlatforms) = postSolution
		{8C6EC97A-5D0B-4E4C-8C8C-26F04A7EC2A8}.Debug|x64.ActiveCfg = Debug|x64
		{8C6EC97A-5D0B-4E4C-8C8C-26F04A7EC2A8}.Debug|x64.Build.0 = Debug|x64
		{8C6EC97A-5D0B-4E4C-8C8C-26F04A7EC2A8}.Debug|x86.ActiveCfg = Debug|Win32
		{8C6EC97A-5D0B-4E4C-8C8C-26F04A7EC2A8}.Debug|x86.Build.0 = Debug|Win32
		{8C6EC97A-5D0B-4E4C-8C8C-26F04A7EC2A8}.Release|x64.ActiveCfg = Release|x64
		{8C6EC97A-5D0B-4E4C-8C8C-26F04A7EC2A8}.Release|x64.Build.0 = Release|x64
		{8C6EC97A-5D0B-4E4C-8C8C-26F04A7EC2A8}.Release|x86.ActiveCfg = Release|Win32
		{8C6EC97A-5D0B-4E4C-8C8C-26F04A7EC2A8}.Release|x86.Build.0 = Release|Win32
		{77277336-230B-4373-B240-3D89997EA596}.Debug|x64.ActiveCfg = Debug|x64
		{77277336-230B-4373-B240-3D89997EA596}.Debug|x64.Build.0 = Debug|x64
		{77277336-230B-4373-B240-3D89997EA596}.Debug|x86.ActiveCfg = Debug|Win32
		{77277336-230B-4373-B240-3D89997EA596}.Debug|x86.Build.0 = Debug|Win32
		{77277336-230B-4373-B240-3D89997EA596}.Release|x64.ActiveCfg = Release|x64
		{77277336-230B-4373-B240-3D89997EA596}.Release|x64.Build.0 = Release|x64
		{77277336-230B-4373-B240-3D89997EA596}.Release|x86.ActiveCfg = Release|Win32
		{77277336-230B-4373-B240-3D89997EA596}.Release|x86.Build.0 = Release|Win32
		{533F667B-932D-4A65-BEAF-0D41F664186D}.Debug|x64.ActiveCfg = Debug|x64
		{533F667B-932D-4A65-BEAF-0D41F664186D}.Debug|x64.Build.0 = Debug|x64
		{533F667B-932D-4A65-BEAF-0D41F664186D}.Debug|x86.ActiveCfg = Debug|Win32
		{533F667B-932D-4A65-BEAF-0D41F664186D}.Debug|x86.Build.0 = Debug|Win32
		{533F667B-932D-4A65-BEAF-0D41F664186D}.Release|x64.ActiveCfg = Release|x64
		{533F667B-932D-4A65-BEAF-0D41F664186D}.Release|x64.Build.0 = Release|x64
		{533F667B-932D-4A65-BEAF-0D41F664186D}.Release|x86.ActiveCfg = Release|Win32
		{533F667B-932D-4A65-BEAF-0D41F664186D}.Release|x86.Build.0 = Release|Win32
		{EC0BCD91-1DF7-47E1-9674-1695E16FA059}.Debug|x64.ActiveCfg = Debug|x64
		{EC0BCD91-1DF7-47E1-9674-1695E16FA059}.Debug|x64.Build.0 = Debug|x64
		{EC0BCD91-1DF7-47E1-9674-1695E16FA059}.Debug|x86.ActiveCfg = Debug|Win32
		{EC0BCD91-1DF7-47E1-9674-1695E16FA059}.Debug|x86.Build.0 = Debug|Win32
		{EC0BCD91-1DF7-47E1-9674-1695E16FA059}.Release|x64.ActiveCfg = Release|x64
		{EC0BCD91-1DF7-47E1-9674-1695E16FA059}.Release|x64.Build.0 = Release|x64
		{EC0BCD91-1DF7-47E1-9674-1695E16FA059}.Release|x86.ActiveCfg = Release|Win32
		{EC0BCD91-1DF7-47E1-9674-1695E16FA059}.Release|x86.Build.0 = Release|Win32
		{371BE8B8-D9E6-4B6D-BCB3-78A242415D3F}.Debug|x64.ActiveCfg = Debug|x64
		{371BE8B8-D9E6-4B6D-BCB3-78A242415D3F}.Debug|x64.Build.0 = Debug|x64
		{371BE8B8-D9E6-4B6D-BCB3-78A242415D3F}.Debug|x86.ActiveCfg = Debug|Win32
		{371BE8B8-D9E6-4B6D-BCB3-78A242415D3F}.Debug|x86.Build.0 = Debug|Win32
		{371BE8B8-D9E6-4B6D-BCB3-78A242415D3F}.Release|x64.ActiveCfg = Release|x64
		{371BE8B8-D9E6-4B6D-BCB3-78A242415D3F}.Release|x64.Build.0 = Release|x64
		{371BE8B8-D9E6-4B6D-BCB3-78A242415D3F}.Release|x86.ActiveCfg = Release|Win32
		{371BE8B8-D9E6-4B6D-BCB3-78A242415D3F}.Release|x86.Build.0 = Release|Win32
		{12A4BD06-4E16-4A7E-A247-307F29DA643F}.Debug|x64.ActiveCfg = Debug|x64
		{12A4BD06-4E16-4A7E-A247-307F29DA643F}.Debug|x64.Build.0 = Debug|x64
		{12A4BD06-4E16-4A7E-A247-307F29DA643F}.Debug|x86.ActiveCfg = Debug|Win32
		{12A4BD06-4E16-4A7E-A247-307F29DA643F}.Debug|x86.Build.0 = Debug|Win32
		{12A4BD06-4E16-4A7E-A247-307F29DA643F}.Release|x64.ActiveCfg = Release|x64
		{12A4BD06-4E16-4A7E-A247-307F29DA643F}.Release|x64.Build.0 = Release|x64
		{12A4BD06-4E16-4A7E-A247-307F29DA643F}.Release|x86.ActiveCfg = Release|Win32
		{12A4BD06-4E16-4A7E-A247-307F29DA643F}.Release|x86.Build.0 = Release|Win32
		{9894F0E8-ED06-4841-AC43-5FD3EB035A97}.Debug|x64.ActiveCfg = Debug|x64
		{9894F0E8-ED06-4841-AC43-5FD3EB035A97}.Debug|x64.Build.0 = Debug|x64
		{9894F0E8-ED06-4841-AC43-5FD3EB035A97}.Debug|x86.ActiveCfg = Debug|Win32
		{9894F0E8-ED06-4841-AC43-5FD3EB035A97}.Debug|x86.Build.0 = Debug|Win32
		{9894F0E8-ED06-4841-AC43-5FD3EB035A97}.Release|x64.ActiveCfg = Release|x64
		{9894F0E8-ED06-4841-AC43-5FD3EB035A97}.Release|x64.Build.0 = Release|x64
		{9894F0E8-ED06-4841-AC43-5FD3EB035A97}.Release|x86.ActiveCfg = Release|Win32
		{9894F0E8-ED06-4841-AC43-5FD3EB035A97}.Release|x86.Build.0 = Release|Win32
		{E08C31B8-DFCA-49EE-B411-6E5C01743F89}.Debug|x64.ActiveCfg = Debug|x64
		{E08C31B8-DFCA-49EE-B411-6E5C01743F89}.Debug|x64.Build.0 = Debug|x64
		{E08C31B8-DFCA-49EE-B411-6E5C01743F89}.Debug|x86.ActiveCfg = Debug|Win32
		{E08C31B8-DFCA-49EE-B411-6E5C01743F89}.Debug|x86.Build.0 = Debug|Win32
		{E08C31B8-DFCA-49EE-B411-6E5C01743F89}.Release|x64.ActiveCfg = Release|x64
		{E08C31B8-DFCA-49EE-B411-6E5C01743F89}.Release|x64.Build.0 = Release|x64
		{E08C31B8-DFCA-49EE-B411-6E5C01743F89}.Release|x86.ActiveCfg = Release|Win32
		{E08C31B8-DFCA-49EE-B411-6E5C01743F89}.Release|x86.Build.0 = Release|Win32
		{B6052058-3A32-42FD-A9ED-BB8485700A57}.Debug|x64.ActiveCfg = Debug|x64
		{B6052058-3A32-42FD-A9ED-BB8485700A57}.Debug|x64.Build.0 = Debug|x64
		{B6052058-3A32-42FD-A9ED-BB8485700A57}.Debug|x86.ActiveCfg = Debug|Win32
		{B6052058-3A32-42FD-A9ED-BB8485700A57}.Debug|x86.Build.0 = Debug|Win32
		{B6052058-3A32-42FD-A9ED-BB8485700A57}.Release|x64.ActiveCfg = Release|x64
		{B6052058-3A32-42FD-A9ED-BB8485700A57}.Release|x64.Build.0 = Release|x64
		{B6052058-3A32-42FD-A9ED-BB8485700A57}.Release|x86.ActiveCfg = Release|Win32
		{B6052058-3A32-42FD-A9ED-BB8485700A57}.Release|x86.Build.0 = Release|Win32
		{E3E4E738-8797-4A6F-84A3-AD404FBFCDAB}.Debug|x64.ActiveCfg = Debug|x64
		{E3E4E738-8797-4A6F-84A3-AD404FBFCDAB}.Debug|x64.Build.0 = Debug|x64
		{E3E4E738-8797-4A6F-84A3-AD404FBFCDAB}.Debug|x86.ActiveCfg = Debug|Win32
		{E3E4E738-8797-4A6F-84A3-AD404FBFCDAB}.Debug|x86.Build.0 = Debug|Win32
		{E3E4E738-8797-4A6F-84A3-AD404FBFCDAB}.Release|x64.ActiveCfg = Release|x64
		{E3E4E738-8797-4A6F-84A3-AD404FBFCDAB}.Release|x64.Build.0 = Release|x64
		{E3E4E738-8797-4A6F-84A3-AD404FBFCDAB}.Release|x86.ActiveCfg = Release|Win32
		{E3E4E738-8797-4A6F-84A3-AD404FBFCDAB}.Release|x86.Build.0 = Release|Win32
		{2F7E487C-DC1A-48FC-B012-89D2DE3CA927}.Debug|x64.ActiveCfg = Debug|x64
		{2F7E487C-DC1A-48FC-B012-89D2DE3CA927}.Debug|x64.Build.0 = Debug|x64
		{2F7E487C-DC1A-48FC-B012-89D2DE3CA927}.Debug|x86.ActiveCfg = Debug|Win32
		{2F7E487C-DC1A-48FC-B012-89D2DE3CA927}.Debug|x86.Build.0 = Debug|Win32
		{2F7E487C-DC1A-48FC-B012-89D2DE3CA927}.Release|x64.ActiveCfg = Release|x64
		{2F7E487C-DC1A-48FC-B012-89D2DE3CA927}.Release|x64.Build.0 = Release|x64
		{2F7E487C-DC1A-48FC-B012-89D2DE3CA927}.Release|x86.ActiveCfg = Release|Win32
		{2F7E487C-DC1A-48FC-B012-89D2DE3CA927}.Release|x86.Build.0 = Release|Win32
		{6D5C0086-601D-4F85-946D-2BF88DCADF6D}.Debug|x64.ActiveCfg = Debug|x64
		{6D5C0086-601D-4F85-946D-2BF88DCADF6D}.Debug|x64.Build.0 = Debug|x64
		{6D5C0086-601D-4F85-946D-2BF88DCADF6D}.Debug|x86.ActiveCfg = Debug|Win32
		{6D5C0086-601D-4F85-946D-2BF88DCADF6D}.Debug|x86.Build.0 = Debug|Win32
		{6D5C0086-601D-4F85-946D-2BF88DCADF6D}.Release|x64.ActiveCfg = Release|x64
		{6D5C0086-601D-4F85-946D-2BF88DCADF6D}.Release|x64.Build.0 = Release|x64
		{6D5C0086-601D-4F85-946D-2BF88DCADF6D}.Release|x86.ActiveCfg = Release|Win32
		{6D5C0086-601D-4F85-946D-2BF88DCADF6D}.Release|x86.Build.0 = Release|Win32
		{45698A5F-7D7E-494C-8299-794E2596502B}.Debug|x64.ActiveCfg = Debug|x64
		{45698A5F-7D7E-494C-8299-794E2596502B}.Debug|x64.Build.0 = Debug|x64
		{45698A5F-7D7E-494C-8299-794E2596502B}.Debug|x86.ActiveCfg = Debug|Win32
		{45698A5F-7D7E-494C-8299-794E2596502B}.Debug|x86.Build.0 = Debug|Win32
		{45698A5F-7D7E-494C-8299-794E2596502B}.Release|x64.ActiveCfg = Release|x64
		{45698A5F-7D7E-494C-8299-794E2596502B}.Release|x64.Build.0 = Release|x64
		{45698A5F-7D7E-494C-8299-794E2596502B}.Release|x86.ActiveCfg = Release|Win32
		{45698A5F-7D7E-494C-8299-794E2596502B}.Release|x86.Build.0 = Release|Win32
		{E5749A82-6AE0-4830-B762-0964E9C61C47}.Debug|x64.ActiveCfg = Debug|x64
		{E5749A82-6AE0-4830-B762-0964E9C61C47}.Debug|x64.Build.0 = Debug|x64
		{E5749A82-6AE0-4830-B762-0964E9C61C47}.Debug|x86.ActiveCfg = Debug|Win32
		{E5749A82-6AE0-4830-B762-0964E9C61C47}.Debug|x86.Build.0 = Debug|Win32
		{E5749A82-6AE0-4830-B762-0964E9C61C47}.Release|x64.ActiveCfg = Release|x64
		{E5749A82-6AE0-4830-B762-0964E9C61C47}.Release|x64.Build.0 = Release|x64
		{E5749A82-6AE0-4830-B762-0964E9C61C47}.Release|x86.ActiveCfg = Release|Win32
		{E5749A82-6AE0-4830-B762-0964E9C61C47}.Release|x86.Build.0 = Release|Win32
		{D17A4355-8404-4238-BB6D-A6D7CF9D9694}.Debug|x64.ActiveCfg = Debug|x64
		{D17A4355-8404-4238-BB6D-A6D7CF9D9694}.Debug|x64.Build.0 = Debug|x64
		{D17A4355-8404-4238-BB6D-A6D7CF9D9694}.Debug|x86.ActiveCfg = Debug|Win32
		{D17A4355-8404-4238-BB6D-A6D7CF9D9694}.Debug|x86.Build.0 = Debug|Win32
		{D17A4355-8404-4238-BB6D-A6D7CF9D9694}.Release|x64.ActiveCfg = Release|x64
		{D17A4355-8404-4238-BB6D-A6D7CF9D9694}.Release|x64.Build.0 = Release|x64
		{D17A4355-8404-4238-BB6D-A6D7CF9D9694}.Release|x86.ActiveCfg = Release|Win32
		{D17A4355-8404-4238-BB6D-A6D7CF9D9694}.Release|x86.Build.0 = Release|Win32
		{19E9B7C5-3F34-4176-975E-DE2E4EA56603}.Debug|x64.ActiveCfg = Debug|x64
		{19E9B7C5-3F34-4176-975E-DE2E4EA56603}.Debug|x64.Build.0 = Debug|x64
		{19E9B7C5-3F34-4176-975E-DE2E4EA56603}.Debug|x86.ActiveCfg = Debug|Win32
		{19E9B7C5-3F34-4176-975E-DE2E4EA56603}.Debug|x86.Build.0 = Debug|Win32
		{19E9B7C5-3F34-4176-975E-DE2E4EA56603}.Release|x64.ActiveCfg = Release|x64
		{19E9B7C5-3F34-4176-975E-DE2E4EA56603}.Release|x64.Build.0 = Release|x64
		{19E9B7C5-3F34-4176-975E-DE2E4EA56603}.Release|x86.ActiveCfg = Release|Win32
		{19E9B7C5-3F34-4176-975E-DE2E4EA56603}.Release|x86.Build.0 = Release|Win32
		{0537CE27-E8CC-4EF6-9EB2-EB453115DED6}.Debug|x64.ActiveCfg = Debug|x64
		{0537CE27-E8CC-4EF6-9EB2-EB453115DED6}.Debug|x64.Build.0 = Debug|x64
		{0537CE27-E8CC-4EF6-9EB2-EB453115DED6}.Debug|x86.ActiveCfg = Debug|Win32
		{0537CE27-E8CC-4EF6-9EB2-EB453115DED6}.Debug|x86.Build.0 = Debug|Win32
		{0537CE27-E8CC-4EF6-9EB2-EB453115DED6}.Release|x64.ActiveCfg = Release|x64
		{0537CE27-E8CC-4EF6-9EB2-EB453115DED6}.Release|x64.Build.0 = Release|x64
		{0537CE27-E8CC-4EF6-9EB2-EB453115DED6}.Release|x86.ActiveCfg = Release|Win32
		{0537CE27-E8CC-4EF6-9EB2-EB453115DED6}.Release|x86.Build.0 = Release|Win32
	EndGlobalSection
	GlobalSection(SolutionProperties) = preSolution
		HideSolutionNode = FALSE
	EndGlobalSection
EndGlobal
